
Microsoft Visual Studio Solution File, Format Version 12.00
# Visual Studio Version 16
VisualStudioVersion = 16.0.30717.126
MinimumVisualStudioVersion = 10.0.40219.1
Project("{9A19103F-16F7-4668-BE54-9A1E7A4F7556}") = "Day1", "Day1\Day1.csproj", "{A477F9D8-2B06-485C-A3D4-970D30FEC5E9}"
EndProject
Project("{9A19103F-16F7-4668-BE54-9A1E7A4F7556}") = "Day2", "Day2\Day2.csproj", "{74537145-7B08-4E07-92C0-361A6711C95E}"
EndProject
Project("{9A19103F-16F7-4668-BE54-9A1E7A4F7556}") = "Day3", "Day3\Day3.csproj", "{DA36D599-E948-4F9E-923E-69293F5C93FF}"
EndProject
Project("{9A19103F-16F7-4668-BE54-9A1E7A4F7556}") = "Day4", "Day4\Day4.csproj", "{4B96A786-BEA6-4F4E-9CA6-4B4F357E699A}"
EndProject
Project("{9A19103F-16F7-4668-BE54-9A1E7A4F7556}") = "Day5", "Day5\Day5.csproj", "{468C16DD-071C-4BDB-A8AC-A372C687E70F}"
EndProject
Project("{9A19103F-16F7-4668-BE54-9A1E7A4F7556}") = "Day6", "Day6\Day6.csproj", "{14A009DC-D293-494D-9C67-35D20CDA1032}"
EndProject
Project("{FAE04EC0-301F-11D3-BF4B-00C04F79EFBC}") = "Day7", "Day7\Day7.csproj", "{7193F485-F537-4D5C-8B13-A6E22E9A9746}"
EndProject
Global
	GlobalSection(SolutionConfigurationPlatforms) = preSolution
		Debug|Any CPU = Debug|Any CPU
		Release|Any CPU = Release|Any CPU
	EndGlobalSection
	GlobalSection(ProjectConfigurationPlatforms) = postSolution
		{A477F9D8-2B06-485C-A3D4-970D30FEC5E9}.Debug|Any CPU.ActiveCfg = Debug|Any CPU
		{A477F9D8-2B06-485C-A3D4-970D30FEC5E9}.Debug|Any CPU.Build.0 = Debug|Any CPU
		{A477F9D8-2B06-485C-A3D4-970D30FEC5E9}.Release|Any CPU.ActiveCfg = Release|Any CPU
		{A477F9D8-2B06-485C-A3D4-970D30FEC5E9}.Release|Any CPU.Build.0 = Release|Any CPU
		{74537145-7B08-4E07-92C0-361A6711C95E}.Debug|Any CPU.ActiveCfg = Debug|Any CPU
		{74537145-7B08-4E07-92C0-361A6711C95E}.Debug|Any CPU.Build.0 = Debug|Any CPU
		{74537145-7B08-4E07-92C0-361A6711C95E}.Release|Any CPU.ActiveCfg = Release|Any CPU
		{74537145-7B08-4E07-92C0-361A6711C95E}.Release|Any CPU.Build.0 = Release|Any CPU
		{DA36D599-E948-4F9E-923E-69293F5C93FF}.Debug|Any CPU.ActiveCfg = Debug|Any CPU
		{DA36D599-E948-4F9E-923E-69293F5C93FF}.Debug|Any CPU.Build.0 = Debug|Any CPU
		{DA36D599-E948-4F9E-923E-69293F5C93FF}.Release|Any CPU.ActiveCfg = Release|Any CPU
		{DA36D599-E948-4F9E-923E-69293F5C93FF}.Release|Any CPU.Build.0 = Release|Any CPU
		{4B96A786-BEA6-4F4E-9CA6-4B4F357E699A}.Debug|Any CPU.ActiveCfg = Debug|Any CPU
		{4B96A786-BEA6-4F4E-9CA6-4B4F357E699A}.Debug|Any CPU.Build.0 = Debug|Any CPU
		{4B96A786-BEA6-4F4E-9CA6-4B4F357E699A}.Release|Any CPU.ActiveCfg = Release|Any CPU
		{4B96A786-BEA6-4F4E-9CA6-4B4F357E699A}.Release|Any CPU.Build.0 = Release|Any CPU
		{468C16DD-071C-4BDB-A8AC-A372C687E70F}.Debug|Any CPU.ActiveCfg = Debug|Any CPU
		{468C16DD-071C-4BDB-A8AC-A372C687E70F}.Debug|Any CPU.Build.0 = Debug|Any CPU
		{468C16DD-071C-4BDB-A8AC-A372C687E70F}.Release|Any CPU.ActiveCfg = Release|Any CPU
		{468C16DD-071C-4BDB-A8AC-A372C687E70F}.Release|Any CPU.Build.0 = Release|Any CPU
		{14A009DC-D293-494D-9C67-35D20CDA1032}.Debug|Any CPU.ActiveCfg = Debug|Any CPU
		{14A009DC-D293-494D-9C67-35D20CDA1032}.Debug|Any CPU.Build.0 = Debug|Any CPU
		{14A009DC-D293-494D-9C67-35D20CDA1032}.Release|Any CPU.ActiveCfg = Release|Any CPU
		{14A009DC-D293-494D-9C67-35D20CDA1032}.Release|Any CPU.Build.0 = Release|Any CPU
		{7193F485-F537-4D5C-8B13-A6E22E9A9746}.Debug|Any CPU.ActiveCfg = Debug|Any CPU
		{7193F485-F537-4D5C-8B13-A6E22E9A9746}.Debug|Any CPU.Build.0 = Debug|Any CPU
		{7193F485-F537-4D5C-8B13-A6E22E9A9746}.Release|Any CPU.ActiveCfg = Release|Any CPU
		{7193F485-F537-4D5C-8B13-A6E22E9A9746}.Release|Any CPU.Build.0 = Release|Any CPU
	EndGlobalSection
	GlobalSection(SolutionProperties) = preSolution
		HideSolutionNode = FALSE
	EndGlobalSection
	GlobalSection(ExtensibilityGlobals) = postSolution
		SolutionGuid = {20F11168-CD64-4FAB-8DC7-63A624D30B28}
	EndGlobalSection
EndGlobal
